
Microsoft Visual Studio Solution File, Format Version 12.00
# Visual Studio 15
VisualStudioVersion = 15.0.28307.1062
MinimumVisualStudioVersion = 10.0.40219.1
Project("{9A19103F-16F7-4668-BE54-9A1E7A4F7556}") = "Backend", "Backend\Backend.csproj", "{00A5B08B-D2A2-4050-B40E-606AB89209A0}"
EndProject
Project("{9A19103F-16F7-4668-BE54-9A1E7A4F7556}") = "WebAppPatient", "WebAppPatient\WebAppPatient.csproj", "{3A14E9E1-B590-484E-B0FF-CD82314BAB03}"
EndProject
Project("{FAE04EC0-301F-11D3-BF4B-00C04F79EFBC}") = "Hospital map", "..\..\..\Hospital map\Hospital map\Hospital map.csproj", "{0C7F55D8-DE84-49A0-AEDF-1C7884D631C2}"
EndProject
Global
	GlobalSection(SolutionConfigurationPlatforms) = preSolution
		Debug|Any CPU = Debug|Any CPU
		Release|Any CPU = Release|Any CPU
	EndGlobalSection
	GlobalSection(ProjectConfigurationPlatforms) = postSolution
		{00A5B08B-D2A2-4050-B40E-606AB89209A0}.Debug|Any CPU.ActiveCfg = Debug|Any CPU
		{00A5B08B-D2A2-4050-B40E-606AB89209A0}.Debug|Any CPU.Build.0 = Debug|Any CPU
		{00A5B08B-D2A2-4050-B40E-606AB89209A0}.Release|Any CPU.ActiveCfg = Release|Any CPU
		{00A5B08B-D2A2-4050-B40E-606AB89209A0}.Release|Any CPU.Build.0 = Release|Any CPU
		{3A14E9E1-B590-484E-B0FF-CD82314BAB03}.Debug|Any CPU.ActiveCfg = Debug|Any CPU
		{3A14E9E1-B590-484E-B0FF-CD82314BAB03}.Debug|Any CPU.Build.0 = Debug|Any CPU
		{3A14E9E1-B590-484E-B0FF-CD82314BAB03}.Release|Any CPU.ActiveCfg = Release|Any CPU
		{3A14E9E1-B590-484E-B0FF-CD82314BAB03}.Release|Any CPU.Build.0 = Release|Any CPU
		{0C7F55D8-DE84-49A0-AEDF-1C7884D631C2}.Debug|Any CPU.ActiveCfg = Debug|Any CPU
		{0C7F55D8-DE84-49A0-AEDF-1C7884D631C2}.Debug|Any CPU.Build.0 = Debug|Any CPU
		{0C7F55D8-DE84-49A0-AEDF-1C7884D631C2}.Release|Any CPU.ActiveCfg = Release|Any CPU
		{0C7F55D8-DE84-49A0-AEDF-1C7884D631C2}.Release|Any CPU.Build.0 = Release|Any CPU
	EndGlobalSection
	GlobalSection(SolutionProperties) = preSolution
		HideSolutionNode = FALSE
	EndGlobalSection
	GlobalSection(ExtensibilityGlobals) = postSolution
		SolutionGuid = {6EC3DFA6-9EF8-4959-92E2-F6F9A8E5479E}
	EndGlobalSection
EndGlobal
